// !$*UTF8*$!
{
	archiveVersion = 1;
	classes = {
	};
	objectVersion = 56;
	objects = {

/* Begin PBXBuildFile section */
		6987C78964B5A70F58842153 /* Pods_MandiriMoviesApp.framework in Frameworks */ = {isa = PBXBuildFile; fileRef = B73AA29FBB8AE0B500FD8DD7 /* Pods_MandiriMoviesApp.framework */; };
		B5A9FF0C2957EB950069DD71 /* UIColor+Extension.swift in Sources */ = {isa = PBXBuildFile; fileRef = B5A9FF0B2957EB950069DD71 /* UIColor+Extension.swift */; };
		B5A9FF0F295817B00069DD71 /* DetailGenreCollectionNode.swift in Sources */ = {isa = PBXBuildFile; fileRef = B5A9FF0E295817B00069DD71 /* DetailGenreCollectionNode.swift */; };
		B5A9FF11295817D60069DD71 /* DetailGenreCellNode.swift in Sources */ = {isa = PBXBuildFile; fileRef = B5A9FF10295817D60069DD71 /* DetailGenreCellNode.swift */; };
		B5C7A25F2954B5520087586F /* MovieDetailController.swift in Sources */ = {isa = PBXBuildFile; fileRef = B5C7A25E2954B5520087586F /* MovieDetailController.swift */; };
		B5C7A2612954B92F0087586F /* MovieDetailView.swift in Sources */ = {isa = PBXBuildFile; fileRef = B5C7A2602954B92F0087586F /* MovieDetailView.swift */; };
		B5C7A2632954BAC90087586F /* MovieDetailRouter.swift in Sources */ = {isa = PBXBuildFile; fileRef = B5C7A2622954BAC90087586F /* MovieDetailRouter.swift */; };
		B5C7A268295531420087586F /* MovieDetailEntity.swift in Sources */ = {isa = PBXBuildFile; fileRef = B5C7A267295531420087586F /* MovieDetailEntity.swift */; };
		B5C7A26A295531C70087586F /* MovieDetailPresenter.swift in Sources */ = {isa = PBXBuildFile; fileRef = B5C7A269295531C70087586F /* MovieDetailPresenter.swift */; };
		B5C7A26C295531FC0087586F /* MovieDetailInteractor.swift in Sources */ = {isa = PBXBuildFile; fileRef = B5C7A26B295531FC0087586F /* MovieDetailInteractor.swift */; };
		B5C7A26F2955383A0087586F /* YouTubeiOSPlayerHelper in Frameworks */ = {isa = PBXBuildFile; productRef = B5C7A26E2955383A0087586F /* YouTubeiOSPlayerHelper */; };
		B5C7A27729554F0E0087586F /* MovieReviewView.swift in Sources */ = {isa = PBXBuildFile; fileRef = B5C7A27129554F0E0087586F /* MovieReviewView.swift */; };
		B5C7A27829554F0E0087586F /* MovieReviewEntity.swift in Sources */ = {isa = PBXBuildFile; fileRef = B5C7A27229554F0E0087586F /* MovieReviewEntity.swift */; };
		B5C7A27929554F0E0087586F /* MovieReviewController.swift in Sources */ = {isa = PBXBuildFile; fileRef = B5C7A27329554F0E0087586F /* MovieReviewController.swift */; };
		B5C7A27A29554F0E0087586F /* MovieReviewInteractor.swift in Sources */ = {isa = PBXBuildFile; fileRef = B5C7A27429554F0E0087586F /* MovieReviewInteractor.swift */; };
		B5C7A27B29554F0E0087586F /* MovieReviewPresenter.swift in Sources */ = {isa = PBXBuildFile; fileRef = B5C7A27529554F0E0087586F /* MovieReviewPresenter.swift */; };
		B5C7A27C29554F0E0087586F /* MovieReviewRouter.swift in Sources */ = {isa = PBXBuildFile; fileRef = B5C7A27629554F0E0087586F /* MovieReviewRouter.swift */; };
		B5C7A27F295550560087586F /* ReviewTableNode.swift in Sources */ = {isa = PBXBuildFile; fileRef = B5C7A27E295550560087586F /* ReviewTableNode.swift */; };
		B5C7A2812955505F0087586F /* ReviewCellNode.swift in Sources */ = {isa = PBXBuildFile; fileRef = B5C7A2802955505F0087586F /* ReviewCellNode.swift */; };
		B5C7A289295566100087586F /* GenreMainController.swift in Sources */ = {isa = PBXBuildFile; fileRef = B5C7A283295566100087586F /* GenreMainController.swift */; };
		B5C7A28A295566100087586F /* GenreMainEntity.swift in Sources */ = {isa = PBXBuildFile; fileRef = B5C7A284295566100087586F /* GenreMainEntity.swift */; };
		B5C7A28B295566100087586F /* GenreMainPresenter.swift in Sources */ = {isa = PBXBuildFile; fileRef = B5C7A285295566100087586F /* GenreMainPresenter.swift */; };
		B5C7A28C295566100087586F /* GenreMainView.swift in Sources */ = {isa = PBXBuildFile; fileRef = B5C7A286295566100087586F /* GenreMainView.swift */; };
		B5C7A28D295566100087586F /* GenreMainRouter.swift in Sources */ = {isa = PBXBuildFile; fileRef = B5C7A287295566100087586F /* GenreMainRouter.swift */; };
		B5C7A28E295566100087586F /* GenreMainInteractor.swift in Sources */ = {isa = PBXBuildFile; fileRef = B5C7A288295566100087586F /* GenreMainInteractor.swift */; };
		B5C7A291295566B80087586F /* GenreCollectionNode.swift in Sources */ = {isa = PBXBuildFile; fileRef = B5C7A290295566B80087586F /* GenreCollectionNode.swift */; };
		B5C7A293295566C20087586F /* GenreCellNode.swift in Sources */ = {isa = PBXBuildFile; fileRef = B5C7A292295566C20087586F /* GenreCellNode.swift */; };
		B5D8DC0C2954977200863C13 /* AppDelegate.swift in Sources */ = {isa = PBXBuildFile; fileRef = B5D8DC0B2954977200863C13 /* AppDelegate.swift */; };
		B5D8DC0E2954977200863C13 /* SceneDelegate.swift in Sources */ = {isa = PBXBuildFile; fileRef = B5D8DC0D2954977200863C13 /* SceneDelegate.swift */; };
		B5D8DC102954977200863C13 /* MovieMainController.swift in Sources */ = {isa = PBXBuildFile; fileRef = B5D8DC0F2954977200863C13 /* MovieMainController.swift */; };
		B5D8DC152954977300863C13 /* Assets.xcassets in Resources */ = {isa = PBXBuildFile; fileRef = B5D8DC142954977300863C13 /* Assets.xcassets */; };
		B5D8DC182954977300863C13 /* LaunchScreen.storyboard in Resources */ = {isa = PBXBuildFile; fileRef = B5D8DC162954977300863C13 /* LaunchScreen.storyboard */; };
		B5F5783A29549B8500B09608 /* MovieMainRouter.swift in Sources */ = {isa = PBXBuildFile; fileRef = B5F5783929549B8500B09608 /* MovieMainRouter.swift */; };
		B5F5783D29549B9900B09608 /* MovieMainEntity.swift in Sources */ = {isa = PBXBuildFile; fileRef = B5F5783C29549B9900B09608 /* MovieMainEntity.swift */; };
		B5F5783F29549BA500B09608 /* MovieMainPresenter.swift in Sources */ = {isa = PBXBuildFile; fileRef = B5F5783E29549BA500B09608 /* MovieMainPresenter.swift */; };
		B5F5784129549BAD00B09608 /* MovieMainInteractor.swift in Sources */ = {isa = PBXBuildFile; fileRef = B5F5784029549BAD00B09608 /* MovieMainInteractor.swift */; };
		B5F5784329549BB300B09608 /* MovieMainView.swift in Sources */ = {isa = PBXBuildFile; fileRef = B5F5784229549BB300B09608 /* MovieMainView.swift */; };
		B5F578462954A5E900B09608 /* Moya in Frameworks */ = {isa = PBXBuildFile; productRef = B5F578452954A5E900B09608 /* Moya */; };
		B5F5784A2954A60600B09608 /* NetworkService.swift in Sources */ = {isa = PBXBuildFile; fileRef = B5F578492954A60600B09608 /* NetworkService.swift */; };
		B5F578502954A7DF00B09608 /* MainCollectionNode.swift in Sources */ = {isa = PBXBuildFile; fileRef = B5F5784F2954A7DF00B09608 /* MainCollectionNode.swift */; };
		B5F578522954A82C00B09608 /* MainCellNode.swift in Sources */ = {isa = PBXBuildFile; fileRef = B5F578512954A82C00B09608 /* MainCellNode.swift */; };
/* End PBXBuildFile section */

/* Begin PBXFileReference section */
		46ED7C5907D8D9DB8A2A4195 /* Pods-MandiriMoviesApp.debug.xcconfig */ = {isa = PBXFileReference; includeInIndex = 1; lastKnownFileType = text.xcconfig; name = "Pods-MandiriMoviesApp.debug.xcconfig"; path = "Target Support Files/Pods-MandiriMoviesApp/Pods-MandiriMoviesApp.debug.xcconfig"; sourceTree = "<group>"; };
		B5A9FF0B2957EB950069DD71 /* UIColor+Extension.swift */ = {isa = PBXFileReference; lastKnownFileType = sourcecode.swift; path = "UIColor+Extension.swift"; sourceTree = "<group>"; };
		B5A9FF0E295817B00069DD71 /* DetailGenreCollectionNode.swift */ = {isa = PBXFileReference; lastKnownFileType = sourcecode.swift; path = DetailGenreCollectionNode.swift; sourceTree = "<group>"; };
		B5A9FF10295817D60069DD71 /* DetailGenreCellNode.swift */ = {isa = PBXFileReference; lastKnownFileType = sourcecode.swift; path = DetailGenreCellNode.swift; sourceTree = "<group>"; };
		B5C7A25E2954B5520087586F /* MovieDetailController.swift */ = {isa = PBXFileReference; lastKnownFileType = sourcecode.swift; path = MovieDetailController.swift; sourceTree = "<group>"; };
		B5C7A2602954B92F0087586F /* MovieDetailView.swift */ = {isa = PBXFileReference; lastKnownFileType = sourcecode.swift; path = MovieDetailView.swift; sourceTree = "<group>"; };
		B5C7A2622954BAC90087586F /* MovieDetailRouter.swift */ = {isa = PBXFileReference; lastKnownFileType = sourcecode.swift; path = MovieDetailRouter.swift; sourceTree = "<group>"; };
		B5C7A267295531420087586F /* MovieDetailEntity.swift */ = {isa = PBXFileReference; lastKnownFileType = sourcecode.swift; path = MovieDetailEntity.swift; sourceTree = "<group>"; };
		B5C7A269295531C70087586F /* MovieDetailPresenter.swift */ = {isa = PBXFileReference; lastKnownFileType = sourcecode.swift; path = MovieDetailPresenter.swift; sourceTree = "<group>"; };
		B5C7A26B295531FC0087586F /* MovieDetailInteractor.swift */ = {isa = PBXFileReference; lastKnownFileType = sourcecode.swift; path = MovieDetailInteractor.swift; sourceTree = "<group>"; };
		B5C7A27129554F0E0087586F /* MovieReviewView.swift */ = {isa = PBXFileReference; fileEncoding = 4; lastKnownFileType = sourcecode.swift; path = MovieReviewView.swift; sourceTree = "<group>"; };
		B5C7A27229554F0E0087586F /* MovieReviewEntity.swift */ = {isa = PBXFileReference; fileEncoding = 4; lastKnownFileType = sourcecode.swift; path = MovieReviewEntity.swift; sourceTree = "<group>"; };
		B5C7A27329554F0E0087586F /* MovieReviewController.swift */ = {isa = PBXFileReference; fileEncoding = 4; lastKnownFileType = sourcecode.swift; path = MovieReviewController.swift; sourceTree = "<group>"; };
		B5C7A27429554F0E0087586F /* MovieReviewInteractor.swift */ = {isa = PBXFileReference; fileEncoding = 4; lastKnownFileType = sourcecode.swift; path = MovieReviewInteractor.swift; sourceTree = "<group>"; };
		B5C7A27529554F0E0087586F /* MovieReviewPresenter.swift */ = {isa = PBXFileReference; fileEncoding = 4; lastKnownFileType = sourcecode.swift; path = MovieReviewPresenter.swift; sourceTree = "<group>"; };
		B5C7A27629554F0E0087586F /* MovieReviewRouter.swift */ = {isa = PBXFileReference; fileEncoding = 4; lastKnownFileType = sourcecode.swift; path = MovieReviewRouter.swift; sourceTree = "<group>"; };
		B5C7A27E295550560087586F /* ReviewTableNode.swift */ = {isa = PBXFileReference; lastKnownFileType = sourcecode.swift; path = ReviewTableNode.swift; sourceTree = "<group>"; };
		B5C7A2802955505F0087586F /* ReviewCellNode.swift */ = {isa = PBXFileReference; lastKnownFileType = sourcecode.swift; path = ReviewCellNode.swift; sourceTree = "<group>"; };
		B5C7A283295566100087586F /* GenreMainController.swift */ = {isa = PBXFileReference; fileEncoding = 4; lastKnownFileType = sourcecode.swift; path = GenreMainController.swift; sourceTree = "<group>"; };
		B5C7A284295566100087586F /* GenreMainEntity.swift */ = {isa = PBXFileReference; fileEncoding = 4; lastKnownFileType = sourcecode.swift; path = GenreMainEntity.swift; sourceTree = "<group>"; };
		B5C7A285295566100087586F /* GenreMainPresenter.swift */ = {isa = PBXFileReference; fileEncoding = 4; lastKnownFileType = sourcecode.swift; path = GenreMainPresenter.swift; sourceTree = "<group>"; };
		B5C7A286295566100087586F /* GenreMainView.swift */ = {isa = PBXFileReference; fileEncoding = 4; lastKnownFileType = sourcecode.swift; path = GenreMainView.swift; sourceTree = "<group>"; };
		B5C7A287295566100087586F /* GenreMainRouter.swift */ = {isa = PBXFileReference; fileEncoding = 4; lastKnownFileType = sourcecode.swift; path = GenreMainRouter.swift; sourceTree = "<group>"; };
		B5C7A288295566100087586F /* GenreMainInteractor.swift */ = {isa = PBXFileReference; fileEncoding = 4; lastKnownFileType = sourcecode.swift; path = GenreMainInteractor.swift; sourceTree = "<group>"; };
		B5C7A290295566B80087586F /* GenreCollectionNode.swift */ = {isa = PBXFileReference; lastKnownFileType = sourcecode.swift; path = GenreCollectionNode.swift; sourceTree = "<group>"; };
		B5C7A292295566C20087586F /* GenreCellNode.swift */ = {isa = PBXFileReference; lastKnownFileType = sourcecode.swift; path = GenreCellNode.swift; sourceTree = "<group>"; };
		B5D8DC082954977200863C13 /* MandiriMoviesApp.app */ = {isa = PBXFileReference; explicitFileType = wrapper.application; includeInIndex = 0; path = MandiriMoviesApp.app; sourceTree = BUILT_PRODUCTS_DIR; };
		B5D8DC0B2954977200863C13 /* AppDelegate.swift */ = {isa = PBXFileReference; lastKnownFileType = sourcecode.swift; path = AppDelegate.swift; sourceTree = "<group>"; };
		B5D8DC0D2954977200863C13 /* SceneDelegate.swift */ = {isa = PBXFileReference; lastKnownFileType = sourcecode.swift; path = SceneDelegate.swift; sourceTree = "<group>"; };
		B5D8DC0F2954977200863C13 /* MovieMainController.swift */ = {isa = PBXFileReference; lastKnownFileType = sourcecode.swift; path = MovieMainController.swift; sourceTree = "<group>"; };
		B5D8DC142954977300863C13 /* Assets.xcassets */ = {isa = PBXFileReference; lastKnownFileType = folder.assetcatalog; path = Assets.xcassets; sourceTree = "<group>"; };
		B5D8DC172954977300863C13 /* Base */ = {isa = PBXFileReference; lastKnownFileType = file.storyboard; name = Base; path = Base.lproj/LaunchScreen.storyboard; sourceTree = "<group>"; };
		B5D8DC192954977300863C13 /* Info.plist */ = {isa = PBXFileReference; lastKnownFileType = text.plist.xml; path = Info.plist; sourceTree = "<group>"; };
		B5F5783929549B8500B09608 /* MovieMainRouter.swift */ = {isa = PBXFileReference; lastKnownFileType = sourcecode.swift; path = MovieMainRouter.swift; sourceTree = "<group>"; };
		B5F5783C29549B9900B09608 /* MovieMainEntity.swift */ = {isa = PBXFileReference; lastKnownFileType = sourcecode.swift; path = MovieMainEntity.swift; sourceTree = "<group>"; };
		B5F5783E29549BA500B09608 /* MovieMainPresenter.swift */ = {isa = PBXFileReference; lastKnownFileType = sourcecode.swift; path = MovieMainPresenter.swift; sourceTree = "<group>"; };
		B5F5784029549BAD00B09608 /* MovieMainInteractor.swift */ = {isa = PBXFileReference; lastKnownFileType = sourcecode.swift; path = MovieMainInteractor.swift; sourceTree = "<group>"; };
		B5F5784229549BB300B09608 /* MovieMainView.swift */ = {isa = PBXFileReference; lastKnownFileType = sourcecode.swift; path = MovieMainView.swift; sourceTree = "<group>"; };
		B5F578492954A60600B09608 /* NetworkService.swift */ = {isa = PBXFileReference; lastKnownFileType = sourcecode.swift; path = NetworkService.swift; sourceTree = "<group>"; };
		B5F5784C2954A65800B09608 /* Config.xcconfig */ = {isa = PBXFileReference; lastKnownFileType = text.xcconfig; path = Config.xcconfig; sourceTree = "<group>"; };
		B5F5784F2954A7DF00B09608 /* MainCollectionNode.swift */ = {isa = PBXFileReference; lastKnownFileType = sourcecode.swift; path = MainCollectionNode.swift; sourceTree = "<group>"; };
		B5F578512954A82C00B09608 /* MainCellNode.swift */ = {isa = PBXFileReference; lastKnownFileType = sourcecode.swift; path = MainCellNode.swift; sourceTree = "<group>"; };
		B73AA29FBB8AE0B500FD8DD7 /* Pods_MandiriMoviesApp.framework */ = {isa = PBXFileReference; explicitFileType = wrapper.framework; includeInIndex = 0; path = Pods_MandiriMoviesApp.framework; sourceTree = BUILT_PRODUCTS_DIR; };
		BB089148AACE5A5AE2E60730 /* Pods-MandiriMoviesApp.release.xcconfig */ = {isa = PBXFileReference; includeInIndex = 1; lastKnownFileType = text.xcconfig; name = "Pods-MandiriMoviesApp.release.xcconfig"; path = "Target Support Files/Pods-MandiriMoviesApp/Pods-MandiriMoviesApp.release.xcconfig"; sourceTree = "<group>"; };
/* End PBXFileReference section */

/* Begin PBXFrameworksBuildPhase section */
		B5D8DC052954977200863C13 /* Frameworks */ = {
			isa = PBXFrameworksBuildPhase;
			buildActionMask = 2147483647;
			files = (
				B5F578462954A5E900B09608 /* Moya in Frameworks */,
				6987C78964B5A70F58842153 /* Pods_MandiriMoviesApp.framework in Frameworks */,
				B5C7A26F2955383A0087586F /* YouTubeiOSPlayerHelper in Frameworks */,
			);
			runOnlyForDeploymentPostprocessing = 0;
		};
/* End PBXFrameworksBuildPhase section */

/* Begin PBXGroup section */
		371BB705F429F2CB2FB416E2 /* Frameworks */ = {
			isa = PBXGroup;
			children = (
				B73AA29FBB8AE0B500FD8DD7 /* Pods_MandiriMoviesApp.framework */,
			);
			name = Frameworks;
			sourceTree = "<group>";
		};
		AFC859123413DF2C43DE47EF /* Pods */ = {
			isa = PBXGroup;
			children = (
				46ED7C5907D8D9DB8A2A4195 /* Pods-MandiriMoviesApp.debug.xcconfig */,
				BB089148AACE5A5AE2E60730 /* Pods-MandiriMoviesApp.release.xcconfig */,
			);
			path = Pods;
			sourceTree = "<group>";
		};
		B5A9FF0A2957EB860069DD71 /* Extension */ = {
			isa = PBXGroup;
			children = (
				B5A9FF0B2957EB950069DD71 /* UIColor+Extension.swift */,
			);
			path = Extension;
			sourceTree = "<group>";
		};
		B5A9FF0D295817920069DD71 /* MovieDetailGenreCollectionNode */ = {
			isa = PBXGroup;
			children = (
				B5A9FF0E295817B00069DD71 /* DetailGenreCollectionNode.swift */,
				B5A9FF10295817D60069DD71 /* DetailGenreCellNode.swift */,
			);
			path = MovieDetailGenreCollectionNode;
			sourceTree = "<group>";
		};
		B5C7A25D2954B2FF0087586F /* MovieDetail */ = {
			isa = PBXGroup;
			children = (
				B5A9FF0D295817920069DD71 /* MovieDetailGenreCollectionNode */,
				B5C7A25E2954B5520087586F /* MovieDetailController.swift */,
				B5C7A2602954B92F0087586F /* MovieDetailView.swift */,
				B5C7A2622954BAC90087586F /* MovieDetailRouter.swift */,
				B5C7A267295531420087586F /* MovieDetailEntity.swift */,
				B5C7A269295531C70087586F /* MovieDetailPresenter.swift */,
				B5C7A26B295531FC0087586F /* MovieDetailInteractor.swift */,
			);
			path = MovieDetail;
			sourceTree = "<group>";
		};
		B5C7A27029554EC40087586F /* MovieReview */ = {
			isa = PBXGroup;
			children = (
				B5C7A27D2955501A0087586F /* MovieReviewTableNode */,
				B5C7A27329554F0E0087586F /* MovieReviewController.swift */,
				B5C7A27229554F0E0087586F /* MovieReviewEntity.swift */,
				B5C7A27429554F0E0087586F /* MovieReviewInteractor.swift */,
				B5C7A27529554F0E0087586F /* MovieReviewPresenter.swift */,
				B5C7A27629554F0E0087586F /* MovieReviewRouter.swift */,
				B5C7A27129554F0E0087586F /* MovieReviewView.swift */,
			);
			path = MovieReview;
			sourceTree = "<group>";
		};
		B5C7A27D2955501A0087586F /* MovieReviewTableNode */ = {
			isa = PBXGroup;
			children = (
				B5C7A27E295550560087586F /* ReviewTableNode.swift */,
				B5C7A2802955505F0087586F /* ReviewCellNode.swift */,
			);
			path = MovieReviewTableNode;
			sourceTree = "<group>";
		};
		B5C7A2822955658D0087586F /* GenreMain */ = {
			isa = PBXGroup;
			children = (
				B5C7A28F295566860087586F /* GenreMainCollectionNode */,
				B5C7A283295566100087586F /* GenreMainController.swift */,
				B5C7A284295566100087586F /* GenreMainEntity.swift */,
				B5C7A288295566100087586F /* GenreMainInteractor.swift */,
				B5C7A285295566100087586F /* GenreMainPresenter.swift */,
				B5C7A287295566100087586F /* GenreMainRouter.swift */,
				B5C7A286295566100087586F /* GenreMainView.swift */,
			);
			path = GenreMain;
			sourceTree = "<group>";
		};
		B5C7A28F295566860087586F /* GenreMainCollectionNode */ = {
			isa = PBXGroup;
			children = (
				B5C7A290295566B80087586F /* GenreCollectionNode.swift */,
				B5C7A292295566C20087586F /* GenreCellNode.swift */,
			);
			path = GenreMainCollectionNode;
			sourceTree = "<group>";
		};
		B5D8DBFF2954977200863C13 = {
			isa = PBXGroup;
			children = (
				B5D8DC0A2954977200863C13 /* MandiriMoviesApp */,
				B5D8DC092954977200863C13 /* Products */,
				AFC859123413DF2C43DE47EF /* Pods */,
				371BB705F429F2CB2FB416E2 /* Frameworks */,
			);
			sourceTree = "<group>";
		};
		B5D8DC092954977200863C13 /* Products */ = {
			isa = PBXGroup;
			children = (
				B5D8DC082954977200863C13 /* MandiriMoviesApp.app */,
			);
			name = Products;
			sourceTree = "<group>";
		};
		B5D8DC0A2954977200863C13 /* MandiriMoviesApp */ = {
			isa = PBXGroup;
			children = (
				B5F5784D2954A70700B09608 /* Application */,
				B5F578472954A5F700B09608 /* Common */,
				B5F5783829549B7100B09608 /* Presentation */,
				B5D8DC142954977300863C13 /* Assets.xcassets */,
				B5D8DC162954977300863C13 /* LaunchScreen.storyboard */,
				B5D8DC192954977300863C13 /* Info.plist */,
			);
			path = MandiriMoviesApp;
			sourceTree = "<group>";
		};
		B5F5783829549B7100B09608 /* Presentation */ = {
			isa = PBXGroup;
			children = (
				B5C7A2822955658D0087586F /* GenreMain */,
				B5C7A27029554EC40087586F /* MovieReview */,
				B5C7A25D2954B2FF0087586F /* MovieDetail */,
				B5F5783B29549B8A00B09608 /* MovieMain */,
			);
			path = Presentation;
			sourceTree = "<group>";
		};
		B5F5783B29549B8A00B09608 /* MovieMain */ = {
			isa = PBXGroup;
			children = (
				B5F5784E2954A78B00B09608 /* MovieMainCollectionNode */,
				B5F5783929549B8500B09608 /* MovieMainRouter.swift */,
				B5F5783C29549B9900B09608 /* MovieMainEntity.swift */,
				B5F5783E29549BA500B09608 /* MovieMainPresenter.swift */,
				B5F5784029549BAD00B09608 /* MovieMainInteractor.swift */,
				B5F5784229549BB300B09608 /* MovieMainView.swift */,
				B5D8DC0F2954977200863C13 /* MovieMainController.swift */,
			);
			path = MovieMain;
			sourceTree = "<group>";
		};
		B5F578472954A5F700B09608 /* Common */ = {
			isa = PBXGroup;
			children = (
				B5A9FF0A2957EB860069DD71 /* Extension */,
				B5F5784B2954A64900B09608 /* Config */,
				B5F578482954A5FD00B09608 /* Service */,
			);
			path = Common;
			sourceTree = "<group>";
		};
		B5F578482954A5FD00B09608 /* Service */ = {
			isa = PBXGroup;
			children = (
				B5F578492954A60600B09608 /* NetworkService.swift */,
			);
			path = Service;
			sourceTree = "<group>";
		};
		B5F5784B2954A64900B09608 /* Config */ = {
			isa = PBXGroup;
			children = (
				B5F5784C2954A65800B09608 /* Config.xcconfig */,
			);
			path = Config;
			sourceTree = "<group>";
		};
		B5F5784D2954A70700B09608 /* Application */ = {
			isa = PBXGroup;
			children = (
				B5D8DC0B2954977200863C13 /* AppDelegate.swift */,
				B5D8DC0D2954977200863C13 /* SceneDelegate.swift */,
			);
			path = Application;
			sourceTree = "<group>";
		};
		B5F5784E2954A78B00B09608 /* MovieMainCollectionNode */ = {
			isa = PBXGroup;
			children = (
				B5F5784F2954A7DF00B09608 /* MainCollectionNode.swift */,
				B5F578512954A82C00B09608 /* MainCellNode.swift */,
			);
			path = MovieMainCollectionNode;
			sourceTree = "<group>";
		};
/* End PBXGroup section */

/* Begin PBXNativeTarget section */
		B5D8DC072954977200863C13 /* MandiriMoviesApp */ = {
			isa = PBXNativeTarget;
			buildConfigurationList = B5D8DC1C2954977300863C13 /* Build configuration list for PBXNativeTarget "MandiriMoviesApp" */;
			buildPhases = (
				58391F26ED01F5A8822DF752 /* [CP] Check Pods Manifest.lock */,
				B5D8DC042954977200863C13 /* Sources */,
				B5D8DC052954977200863C13 /* Frameworks */,
				B5D8DC062954977200863C13 /* Resources */,
				4A15AE8386F3CCE809102CA9 /* [CP] Embed Pods Frameworks */,
			);
			buildRules = (
			);
			dependencies = (
			);
			name = MandiriMoviesApp;
			packageProductDependencies = (
				B5F578452954A5E900B09608 /* Moya */,
				B5C7A26E2955383A0087586F /* YouTubeiOSPlayerHelper */,
			);
			productName = MandiriMoviesApp;
			productReference = B5D8DC082954977200863C13 /* MandiriMoviesApp.app */;
			productType = "com.apple.product-type.application";
		};
/* End PBXNativeTarget section */

/* Begin PBXProject section */
		B5D8DC002954977200863C13 /* Project object */ = {
			isa = PBXProject;
			attributes = {
				BuildIndependentTargetsInParallel = 1;
				LastSwiftUpdateCheck = 1400;
				LastUpgradeCheck = 1400;
				TargetAttributes = {
					B5D8DC072954977200863C13 = {
						CreatedOnToolsVersion = 14.0;
					};
				};
			};
			buildConfigurationList = B5D8DC032954977200863C13 /* Build configuration list for PBXProject "MandiriMoviesApp" */;
			compatibilityVersion = "Xcode 14.0";
			developmentRegion = en;
			hasScannedForEncodings = 0;
			knownRegions = (
				en,
				Base,
			);
			mainGroup = B5D8DBFF2954977200863C13;
			packageReferences = (
				B5F578442954A5E900B09608 /* XCRemoteSwiftPackageReference "Moya" */,
				B5C7A26D2955383A0087586F /* XCRemoteSwiftPackageReference "youtube-ios-player-helper" */,
			);
			productRefGroup = B5D8DC092954977200863C13 /* Products */;
			projectDirPath = "";
			projectRoot = "";
			targets = (
				B5D8DC072954977200863C13 /* MandiriMoviesApp */,
			);
		};
/* End PBXProject section */

/* Begin PBXResourcesBuildPhase section */
		B5D8DC062954977200863C13 /* Resources */ = {
			isa = PBXResourcesBuildPhase;
			buildActionMask = 2147483647;
			files = (
				B5D8DC182954977300863C13 /* LaunchScreen.storyboard in Resources */,
				B5D8DC152954977300863C13 /* Assets.xcassets in Resources */,
			);
			runOnlyForDeploymentPostprocessing = 0;
		};
/* End PBXResourcesBuildPhase section */

/* Begin PBXShellScriptBuildPhase section */
		4A15AE8386F3CCE809102CA9 /* [CP] Embed Pods Frameworks */ = {
			isa = PBXShellScriptBuildPhase;
			buildActionMask = 2147483647;
			files = (
			);
			inputFileListPaths = (
				"${PODS_ROOT}/Target Support Files/Pods-MandiriMoviesApp/Pods-MandiriMoviesApp-frameworks-${CONFIGURATION}-input-files.xcfilelist",
			);
			name = "[CP] Embed Pods Frameworks";
			outputFileListPaths = (
				"${PODS_ROOT}/Target Support Files/Pods-MandiriMoviesApp/Pods-MandiriMoviesApp-frameworks-${CONFIGURATION}-output-files.xcfilelist",
			);
			runOnlyForDeploymentPostprocessing = 0;
			shellPath = /bin/sh;
			shellScript = "\"${PODS_ROOT}/Target Support Files/Pods-MandiriMoviesApp/Pods-MandiriMoviesApp-frameworks.sh\"\n";
			showEnvVarsInLog = 0;
		};
		58391F26ED01F5A8822DF752 /* [CP] Check Pods Manifest.lock */ = {
			isa = PBXShellScriptBuildPhase;
			buildActionMask = 2147483647;
			files = (
			);
			inputFileListPaths = (
			);
			inputPaths = (
				"${PODS_PODFILE_DIR_PATH}/Podfile.lock",
				"${PODS_ROOT}/Manifest.lock",
			);
			name = "[CP] Check Pods Manifest.lock";
			outputFileListPaths = (
			);
			outputPaths = (
				"$(DERIVED_FILE_DIR)/Pods-MandiriMoviesApp-checkManifestLockResult.txt",
			);
			runOnlyForDeploymentPostprocessing = 0;
			shellPath = /bin/sh;
			shellScript = "diff \"${PODS_PODFILE_DIR_PATH}/Podfile.lock\" \"${PODS_ROOT}/Manifest.lock\" > /dev/null\nif [ $? != 0 ] ; then\n    # print error to STDERR\n    echo \"error: The sandbox is not in sync with the Podfile.lock. Run 'pod install' or update your CocoaPods installation.\" >&2\n    exit 1\nfi\n# This output is used by Xcode 'outputs' to avoid re-running this script phase.\necho \"SUCCESS\" > \"${SCRIPT_OUTPUT_FILE_0}\"\n";
			showEnvVarsInLog = 0;
		};
/* End PBXShellScriptBuildPhase section */

/* Begin PBXSourcesBuildPhase section */
		B5D8DC042954977200863C13 /* Sources */ = {
			isa = PBXSourcesBuildPhase;
			buildActionMask = 2147483647;
			files = (
				B5F5784329549BB300B09608 /* MovieMainView.swift in Sources */,
				B5C7A27A29554F0E0087586F /* MovieReviewInteractor.swift in Sources */,
				B5F5783F29549BA500B09608 /* MovieMainPresenter.swift in Sources */,
				B5C7A28D295566100087586F /* GenreMainRouter.swift in Sources */,
				B5C7A268295531420087586F /* MovieDetailEntity.swift in Sources */,
				B5C7A28E295566100087586F /* GenreMainInteractor.swift in Sources */,
				B5C7A27F295550560087586F /* ReviewTableNode.swift in Sources */,
				B5C7A28C295566100087586F /* GenreMainView.swift in Sources */,
				B5F5783A29549B8500B09608 /* MovieMainRouter.swift in Sources */,
				B5F5783D29549B9900B09608 /* MovieMainEntity.swift in Sources */,
				B5F578522954A82C00B09608 /* MainCellNode.swift in Sources */,
				B5F578502954A7DF00B09608 /* MainCollectionNode.swift in Sources */,
				B5C7A27929554F0E0087586F /* MovieReviewController.swift in Sources */,
				B5F5784A2954A60600B09608 /* NetworkService.swift in Sources */,
				B5C7A2612954B92F0087586F /* MovieDetailView.swift in Sources */,
				B5C7A27729554F0E0087586F /* MovieReviewView.swift in Sources */,
				B5C7A291295566B80087586F /* GenreCollectionNode.swift in Sources */,
				B5D8DC102954977200863C13 /* MovieMainController.swift in Sources */,
				B5C7A28A295566100087586F /* GenreMainEntity.swift in Sources */,
				B5D8DC0C2954977200863C13 /* AppDelegate.swift in Sources */,
				B5C7A293295566C20087586F /* GenreCellNode.swift in Sources */,
				B5A9FF0F295817B00069DD71 /* DetailGenreCollectionNode.swift in Sources */,
				B5A9FF0C2957EB950069DD71 /* UIColor+Extension.swift in Sources */,
				B5C7A28B295566100087586F /* GenreMainPresenter.swift in Sources */,
				B5C7A27B29554F0E0087586F /* MovieReviewPresenter.swift in Sources */,
				B5C7A27829554F0E0087586F /* MovieReviewEntity.swift in Sources */,
				B5C7A289295566100087586F /* GenreMainController.swift in Sources */,
				B5C7A2632954BAC90087586F /* MovieDetailRouter.swift in Sources */,
				B5C7A25F2954B5520087586F /* MovieDetailController.swift in Sources */,
				B5C7A26C295531FC0087586F /* MovieDetailInteractor.swift in Sources */,
				B5F5784129549BAD00B09608 /* MovieMainInteractor.swift in Sources */,
				B5C7A27C29554F0E0087586F /* MovieReviewRouter.swift in Sources */,
				B5D8DC0E2954977200863C13 /* SceneDelegate.swift in Sources */,
				B5C7A26A295531C70087586F /* MovieDetailPresenter.swift in Sources */,
				B5A9FF11295817D60069DD71 /* DetailGenreCellNode.swift in Sources */,
				B5C7A2812955505F0087586F /* ReviewCellNode.swift in Sources */,
			);
			runOnlyForDeploymentPostprocessing = 0;
		};
/* End PBXSourcesBuildPhase section */

/* Begin PBXVariantGroup section */
		B5D8DC162954977300863C13 /* LaunchScreen.storyboard */ = {
			isa = PBXVariantGroup;
			children = (
				B5D8DC172954977300863C13 /* Base */,
			);
			name = LaunchScreen.storyboard;
			sourceTree = "<group>";
		};
/* End PBXVariantGroup section */

/* Begin XCBuildConfiguration section */
		B5D8DC1A2954977300863C13 /* Debug */ = {
			isa = XCBuildConfiguration;
			baseConfigurationReference = B5F5784C2954A65800B09608 /* Config.xcconfig */;
			buildSettings = {
				ALWAYS_SEARCH_USER_PATHS = NO;
				CLANG_ANALYZER_NONNULL = YES;
				CLANG_ANALYZER_NUMBER_OBJECT_CONVERSION = YES_AGGRESSIVE;
				CLANG_CXX_LANGUAGE_STANDARD = "gnu++20";
				CLANG_ENABLE_MODULES = YES;
				CLANG_ENABLE_OBJC_ARC = YES;
				CLANG_ENABLE_OBJC_WEAK = YES;
				CLANG_WARN_BLOCK_CAPTURE_AUTORELEASING = YES;
				CLANG_WARN_BOOL_CONVERSION = YES;
				CLANG_WARN_COMMA = YES;
				CLANG_WARN_CONSTANT_CONVERSION = YES;
				CLANG_WARN_DEPRECATED_OBJC_IMPLEMENTATIONS = YES;
				CLANG_WARN_DIRECT_OBJC_ISA_USAGE = YES_ERROR;
				CLANG_WARN_DOCUMENTATION_COMMENTS = YES;
				CLANG_WARN_EMPTY_BODY = YES;
				CLANG_WARN_ENUM_CONVERSION = YES;
				CLANG_WARN_INFINITE_RECURSION = YES;
				CLANG_WARN_INT_CONVERSION = YES;
				CLANG_WARN_NON_LITERAL_NULL_CONVERSION = YES;
				CLANG_WARN_OBJC_IMPLICIT_RETAIN_SELF = YES;
				CLANG_WARN_OBJC_LITERAL_CONVERSION = YES;
				CLANG_WARN_OBJC_ROOT_CLASS = YES_ERROR;
				CLANG_WARN_QUOTED_INCLUDE_IN_FRAMEWORK_HEADER = YES;
				CLANG_WARN_RANGE_LOOP_ANALYSIS = YES;
				CLANG_WARN_STRICT_PROTOTYPES = YES;
				CLANG_WARN_SUSPICIOUS_MOVE = YES;
				CLANG_WARN_UNGUARDED_AVAILABILITY = YES_AGGRESSIVE;
				CLANG_WARN_UNREACHABLE_CODE = YES;
				CLANG_WARN__DUPLICATE_METHOD_MATCH = YES;
				COPY_PHASE_STRIP = NO;
				DEBUG_INFORMATION_FORMAT = dwarf;
				ENABLE_STRICT_OBJC_MSGSEND = YES;
				ENABLE_TESTABILITY = YES;
				GCC_C_LANGUAGE_STANDARD = gnu11;
				GCC_DYNAMIC_NO_PIC = NO;
				GCC_NO_COMMON_BLOCKS = YES;
				GCC_OPTIMIZATION_LEVEL = 0;
				GCC_PREPROCESSOR_DEFINITIONS = (
					"DEBUG=1",
					"$(inherited)",
				);
				GCC_WARN_64_TO_32_BIT_CONVERSION = YES;
				GCC_WARN_ABOUT_RETURN_TYPE = YES_ERROR;
				GCC_WARN_UNDECLARED_SELECTOR = YES;
				GCC_WARN_UNINITIALIZED_AUTOS = YES_AGGRESSIVE;
				GCC_WARN_UNUSED_FUNCTION = YES;
				GCC_WARN_UNUSED_VARIABLE = YES;
				IPHONEOS_DEPLOYMENT_TARGET = 15.0;
				MTL_ENABLE_DEBUG_INFO = INCLUDE_SOURCE;
				MTL_FAST_MATH = YES;
				ONLY_ACTIVE_ARCH = YES;
				SDKROOT = iphoneos;
				SWIFT_ACTIVE_COMPILATION_CONDITIONS = DEBUG;
				SWIFT_OPTIMIZATION_LEVEL = "-Onone";
			};
			name = Debug;
		};
		B5D8DC1B2954977300863C13 /* Release */ = {
			isa = XCBuildConfiguration;
			baseConfigurationReference = B5F5784C2954A65800B09608 /* Config.xcconfig */;
			buildSettings = {
				ALWAYS_SEARCH_USER_PATHS = NO;
				CLANG_ANALYZER_NONNULL = YES;
				CLANG_ANALYZER_NUMBER_OBJECT_CONVERSION = YES_AGGRESSIVE;
				CLANG_CXX_LANGUAGE_STANDARD = "gnu++20";
				CLANG_ENABLE_MODULES = YES;
				CLANG_ENABLE_OBJC_ARC = YES;
				CLANG_ENABLE_OBJC_WEAK = YES;
				CLANG_WARN_BLOCK_CAPTURE_AUTORELEASING = YES;
				CLANG_WARN_BOOL_CONVERSION = YES;
				CLANG_WARN_COMMA = YES;
				CLANG_WARN_CONSTANT_CONVERSION = YES;
				CLANG_WARN_DEPRECATED_OBJC_IMPLEMENTATIONS = YES;
				CLANG_WARN_DIRECT_OBJC_ISA_USAGE = YES_ERROR;
				CLANG_WARN_DOCUMENTATION_COMMENTS = YES;
				CLANG_WARN_EMPTY_BODY = YES;
				CLANG_WARN_ENUM_CONVERSION = YES;
				CLANG_WARN_INFINITE_RECURSION = YES;
				CLANG_WARN_INT_CONVERSION = YES;
				CLANG_WARN_NON_LITERAL_NULL_CONVERSION = YES;
				CLANG_WARN_OBJC_IMPLICIT_RETAIN_SELF = YES;
				CLANG_WARN_OBJC_LITERAL_CONVERSION = YES;
				CLANG_WARN_OBJC_ROOT_CLASS = YES_ERROR;
				CLANG_WARN_QUOTED_INCLUDE_IN_FRAMEWORK_HEADER = YES;
				CLANG_WARN_RANGE_LOOP_ANALYSIS = YES;
				CLANG_WARN_STRICT_PROTOTYPES = YES;
				CLANG_WARN_SUSPICIOUS_MOVE = YES;
				CLANG_WARN_UNGUARDED_AVAILABILITY = YES_AGGRESSIVE;
				CLANG_WARN_UNREACHABLE_CODE = YES;
				CLANG_WARN__DUPLICATE_METHOD_MATCH = YES;
				COPY_PHASE_STRIP = NO;
				DEBUG_INFORMATION_FORMAT = "dwarf-with-dsym";
				ENABLE_NS_ASSERTIONS = NO;
				ENABLE_STRICT_OBJC_MSGSEND = YES;
				GCC_C_LANGUAGE_STANDARD = gnu11;
				GCC_NO_COMMON_BLOCKS = YES;
				GCC_WARN_64_TO_32_BIT_CONVERSION = YES;
				GCC_WARN_ABOUT_RETURN_TYPE = YES_ERROR;
				GCC_WARN_UNDECLARED_SELECTOR = YES;
				GCC_WARN_UNINITIALIZED_AUTOS = YES_AGGRESSIVE;
				GCC_WARN_UNUSED_FUNCTION = YES;
				GCC_WARN_UNUSED_VARIABLE = YES;
				IPHONEOS_DEPLOYMENT_TARGET = 15.0;
				MTL_ENABLE_DEBUG_INFO = NO;
				MTL_FAST_MATH = YES;
				SDKROOT = iphoneos;
				SWIFT_COMPILATION_MODE = wholemodule;
				SWIFT_OPTIMIZATION_LEVEL = "-O";
				VALIDATE_PRODUCT = YES;
			};
			name = Release;
		};
		B5D8DC1D2954977300863C13 /* Debug */ = {
			isa = XCBuildConfiguration;
			baseConfigurationReference = 46ED7C5907D8D9DB8A2A4195 /* Pods-MandiriMoviesApp.debug.xcconfig */;
			buildSettings = {
				ASSETCATALOG_COMPILER_APPICON_NAME = AppIcon;
				ASSETCATALOG_COMPILER_GLOBAL_ACCENT_COLOR_NAME = AccentColor;
				CODE_SIGN_STYLE = Automatic;
				CURRENT_PROJECT_VERSION = 1;
				DEVELOPMENT_TEAM = 2ZMT5Z4822;
				GENERATE_INFOPLIST_FILE = YES;
				INFOPLIST_FILE = MandiriMoviesApp/Info.plist;
				INFOPLIST_KEY_UIApplicationSupportsIndirectInputEvents = YES;
				INFOPLIST_KEY_UILaunchStoryboardName = LaunchScreen;
				INFOPLIST_KEY_UIMainStoryboardFile = "";
				INFOPLIST_KEY_UISupportedInterfaceOrientations_iPad = "UIInterfaceOrientationPortrait UIInterfaceOrientationPortraitUpsideDown UIInterfaceOrientationLandscapeLeft UIInterfaceOrientationLandscapeRight";
				INFOPLIST_KEY_UISupportedInterfaceOrientations_iPhone = "UIInterfaceOrientationPortrait UIInterfaceOrientationLandscapeLeft UIInterfaceOrientationLandscapeRight";
				LD_RUNPATH_SEARCH_PATHS = (
					"$(inherited)",
					"@executable_path/Frameworks",
				);
				MARKETING_VERSION = 1.0;
				PRODUCT_BUNDLE_IDENTIFIER = com.rezafath.MandiriMoviesApp;
				PRODUCT_NAME = "$(TARGET_NAME)";
				SWIFT_EMIT_LOC_STRINGS = YES;
				SWIFT_VERSION = 5.0;
				TARGETED_DEVICE_FAMILY = "1,2";
			};
			name = Debug;
		};
		B5D8DC1E2954977300863C13 /* Release */ = {
			isa = XCBuildConfiguration;
			baseConfigurationReference = BB089148AACE5A5AE2E60730 /* Pods-MandiriMoviesApp.release.xcconfig */;
			buildSettings = {
				ASSETCATALOG_COMPILER_APPICON_NAME = AppIcon;
				ASSETCATALOG_COMPILER_GLOBAL_ACCENT_COLOR_NAME = AccentColor;
				CODE_SIGN_STYLE = Automatic;
				CURRENT_PROJECT_VERSION = 1;
				DEVELOPMENT_TEAM = 2ZMT5Z4822;
				GENERATE_INFOPLIST_FILE = YES;
				INFOPLIST_FILE = MandiriMoviesApp/Info.plist;
				INFOPLIST_KEY_UIApplicationSupportsIndirectInputEvents = YES;
				INFOPLIST_KEY_UILaunchStoryboardName = LaunchScreen;
				INFOPLIST_KEY_UIMainStoryboardFile = "";
				INFOPLIST_KEY_UISupportedInterfaceOrientations_iPad = "UIInterfaceOrientationPortrait UIInterfaceOrientationPortraitUpsideDown UIInterfaceOrientationLandscapeLeft UIInterfaceOrientationLandscapeRight";
				INFOPLIST_KEY_UISupportedInterfaceOrientations_iPhone = "UIInterfaceOrientationPortrait UIInterfaceOrientationLandscapeLeft UIInterfaceOrientationLandscapeRight";
				LD_RUNPATH_SEARCH_PATHS = (
					"$(inherited)",
					"@executable_path/Frameworks",
				);
				MARKETING_VERSION = 1.0;
				PRODUCT_BUNDLE_IDENTIFIER = com.rezafath.MandiriMoviesApp;
				PRODUCT_NAME = "$(TARGET_NAME)";
				SWIFT_EMIT_LOC_STRINGS = YES;
				SWIFT_VERSION = 5.0;
				TARGETED_DEVICE_FAMILY = "1,2";
			};
			name = Release;
		};
/* End XCBuildConfiguration section */

/* Begin XCConfigurationList section */
		B5D8DC032954977200863C13 /* Build configuration list for PBXProject "MandiriMoviesApp" */ = {
			isa = XCConfigurationList;
			buildConfigurations = (
				B5D8DC1A2954977300863C13 /* Debug */,
				B5D8DC1B2954977300863C13 /* Release */,
			);
			defaultConfigurationIsVisible = 0;
			defaultConfigurationName = Release;
		};
		B5D8DC1C2954977300863C13 /* Build configuration list for PBXNativeTarget "MandiriMoviesApp" */ = {
			isa = XCConfigurationList;
			buildConfigurations = (
				B5D8DC1D2954977300863C13 /* Debug */,
				B5D8DC1E2954977300863C13 /* Release */,
			);
			defaultConfigurationIsVisible = 0;
			defaultConfigurationName = Release;
		};
/* End XCConfigurationList section */

/* Begin XCRemoteSwiftPackageReference section */
		B5C7A26D2955383A0087586F /* XCRemoteSwiftPackageReference "youtube-ios-player-helper" */ = {
			isa = XCRemoteSwiftPackageReference;
			repositoryURL = "https://github.com/youtube/youtube-ios-player-helper";
			requirement = {
				kind = upToNextMajorVersion;
				minimumVersion = 1.0.4;
			};
		};
		B5F578442954A5E900B09608 /* XCRemoteSwiftPackageReference "Moya" */ = {
			isa = XCRemoteSwiftPackageReference;
			repositoryURL = "https://github.com/Moya/Moya";
			requirement = {
				kind = upToNextMajorVersion;
				minimumVersion = 15.0.0;
			};
		};
/* End XCRemoteSwiftPackageReference section */

/* Begin XCSwiftPackageProductDependency section */
		B5C7A26E2955383A0087586F /* YouTubeiOSPlayerHelper */ = {
			isa = XCSwiftPackageProductDependency;
			package = B5C7A26D2955383A0087586F /* XCRemoteSwiftPackageReference "youtube-ios-player-helper" */;
			productName = YouTubeiOSPlayerHelper;
		};
		B5F578452954A5E900B09608 /* Moya */ = {
			isa = XCSwiftPackageProductDependency;
			package = B5F578442954A5E900B09608 /* XCRemoteSwiftPackageReference "Moya" */;
			productName = Moya;
		};
/* End XCSwiftPackageProductDependency section */
	};
	rootObject = B5D8DC002954977200863C13 /* Project object */;
}
